
Microsoft Visual Studio Solution File, Format Version 12.00
# Visual Studio Version 17
VisualStudioVersion = 17.7.34009.444
MinimumVisualStudioVersion = 10.0.40219.1
Project("{FAE04EC0-301F-11D3-BF4B-00C04F79EFBC}") = "TehtavaB7", "TehtavaB7.csproj", "{0CDEE297-35A8-4202-A466-95FED822AB87}"
EndProject
Global
	GlobalSection(SolutionConfigurationPlatforms) = preSolution
		Debug|Any CPU = Debug|Any CPU
		Release|Any CPU = Release|Any CPU
	EndGlobalSection
	GlobalSection(ProjectConfigurationPlatforms) = postSolution
		{0CDEE297-35A8-4202-A466-95FED822AB87}.Debug|Any CPU.ActiveCfg = Debug|Any CPU
		{0CDEE297-35A8-4202-A466-95FED822AB87}.Debug|Any CPU.Build.0 = Debug|Any CPU
		{0CDEE297-35A8-4202-A466-95FED822AB87}.Release|Any CPU.ActiveCfg = Release|Any CPU
		{0CDEE297-35A8-4202-A466-95FED822AB87}.Release|Any CPU.Build.0 = Release|Any CPU
	EndGlobalSection
	GlobalSection(SolutionProperties) = preSolution
		HideSolutionNode = FALSE
	EndGlobalSection
	GlobalSection(ExtensibilityGlobals) = postSolution
		SolutionGuid = {642E22C6-4BAC-4F43-82FB-F873DE4D9C03}
	EndGlobalSection
EndGlobal
